github.com/Syuparn/pangaea v0.8.0 h1:8XFM9bbieUOsMc0+jwWtsmd3AAqhu5G/VkX4dyvOI4U=
github.com/Syuparn/pangaea v0.8.0/go.mod h1:9eEy/yKZYHRS88YFRdErbv2Cjj2XsYUakvaNurus/Lk=
github.com/dlclark/regexp2 v1.4.0 h1:F1rxgk7p4uKjwIQxBs9oAXe5CqrXlCduYEJvrF4u93E=
github.com/dlclark/regexp2 v1.4.0/go.mod h1:2pZnwuY/m+8K6iRw6wQdMtk+rH5tNGR1i55kozfMjCc=
github.com/lithammer/dedent v1.1.0 h1:VNzHMVCBNG1j0fh3OrsFRkVUwStdDArbgBWoPAffktY=
github.com/lithammer/dedent v1.1.0/go.mod h1:jrXYCQtgg0nJiN+StA2KgR7w6CiQNv9Fd/Z9BP0jIOc=
github.com/tanaton/dtoa v0.0.0-20190918101016-f12936c87cdb h1:il95NPTEHqAkHbZfBCzEKJdwJJ4xwdpk/s0IsZWYr/4=
github.com/tanaton/dtoa v0.0.0-20190918101016-f12936c87cdb/go.mod h1:NJ73Q9luv5I1cYrIYSfGC7+oHggSb4YpjpaPGDTHmxI=
